# @generated by Move, please check-in and do not edit manually.

[move]
version = 2
manifest_digest = "73D06A4808FD92609AFA77E6E48F962365A832F3D8293DAD0323BC6BB31AAB85"
deps_digest = "F8BBB0CCB2491CA29A3DF03D6F92277A4F3574266507ACD77214D37ECA3F3082"
dependencies = [
  { name = "Sui" },
]

[[move.package]]
name = "MoveStdlib"
source = { local = "..\\vendor\\sui-v1.30.1\\crates\\sui-framework\\packages\\move-stdlib" }

[[move.package]]
name = "Sui"
source = { local = "..\\vendor\\sui-v1.30.1\\crates\\sui-framework\\packages\\sui-framework" }

dependencies = [
  { name = "MoveStdlib" },
]

[move.toolchain-version]
compiler-version = "1.30.1"
edition = "2024.beta"
flavor = "sui"
